// !$*UTF8*$!
{
	archiveVersion = 1;
	classes = {
	};
	objectVersion = 46;
	objects = {

/* Begin PBXBuildFile section */
		E382E5081DF0A4C900C35A43 /* main.m in Sources */ = {isa = PBXBuildFile; fileRef = E382E5071DF0A4C900C35A43 /* main.m */; };
		E382E50B1DF0A4C900C35A43 /* AppDelegate.m in Sources */ = {isa = PBXBuildFile; fileRef = E382E50A1DF0A4C900C35A43 /* AppDelegate.m */; };
		E382E50E1DF0A4C900C35A43 /* ViewController.m in Sources */ = {isa = PBXBuildFile; fileRef = E382E50D1DF0A4C900C35A43 /* ViewController.m */; };
		E382E5111DF0A4C900C35A43 /* Main.storyboard in Resources */ = {isa = PBXBuildFile; fileRef = E382E50F1DF0A4C900C35A43 /* Main.storyboard */; };
		E382E5131DF0A4C900C35A43 /* Assets.xcassets in Resources */ = {isa = PBXBuildFile; fileRef = E382E5121DF0A4C900C35A43 /* Assets.xcassets */; };
		E382E5161DF0A4C900C35A43 /* LaunchScreen.storyboard in Resources */ = {isa = PBXBuildFile; fileRef = E382E5141DF0A4C900C35A43 /* LaunchScreen.storyboard */; };
/* End PBXBuildFile section */

/* Begin PBXFileReference section */
		E382E5031DF0A4C900C35A43 /* Contacts.app */ = {isa = PBXFileReference; explicitFileType = wrapper.application; includeInIndex = 0; path = Contacts.app; sourceTree = BUILT_PRODUCTS_DIR; };
		E382E5071DF0A4C900C35A43 /* main.m */ = {isa = PBXFileReference; lastKnownFileType = sourcecode.c.objc; path = main.m; sourceTree = "<group>"; };
		E382E5091DF0A4C900C35A43 /* AppDelegate.h */ = {isa = PBXFileReference; lastKnownFileType = sourcecode.c.h; path = AppDelegate.h; sourceTree = "<group>"; };
		E382E50A1DF0A4C900C35A43 /* AppDelegate.m */ = {isa = PBXFileReference; lastKnownFileType = sourcecode.c.objc; path = AppDelegate.m; sourceTree = "<group>"; };
		E382E50C1DF0A4C900C35A43 /* ViewController.h */ = {isa = PBXFileReference; lastKnownFileType = sourcecode.c.h; path = ViewController.h; sourceTree = "<group>"; };
		E382E50D1DF0A4C900C35A43 /* ViewController.m */ = {isa = PBXFileReference; lastKnownFileType = sourcecode.c.objc; path = ViewController.m; sourceTree = "<group>"; };
		E382E5101DF0A4C900C35A43 /* Base */ = {isa = PBXFileReference; lastKnownFileType = file.storyboard; name = Base; path = Base.lproj/Main.storyboard; sourceTree = "<group>"; };
		E382E5121DF0A4C900C35A43 /* Assets.xcassets */ = {isa = PBXFileReference; lastKnownFileType = folder.assetcatalog; path = Assets.xcassets; sourceTree = "<group>"; };
		E382E5151DF0A4C900C35A43 /* Base */ = {isa = PBXFileReference; lastKnownFileType = file.storyboard; name = Base; path = Base.lproj/LaunchScreen.storyboard; sourceTree = "<group>"; };
		E382E5171DF0A4C900C35A43 /* Info.plist */ = {isa = PBXFileReference; lastKnownFileType = text.plist.xml; path = Info.plist; sourceTree = "<group>"; };
/* End PBXFileReference section */

/* Begin PBXFrameworksBuildPhase section */
		E382E5001DF0A4C900C35A43 /* Frameworks */ = {
			isa = PBXFrameworksBuildPhase;
			buildActionMask = 2147483647;
			files = (
			);
			runOnlyForDeploymentPostprocessing = 0;
		};
/* End PBXFrameworksBuildPhase section */

/* Begin PBXGroup section */
		E382E4FA1DF0A4C900C35A43 = {
			isa = PBXGroup;
			children = (
				E382E5051DF0A4C900C35A43 /* Contacts */,
				E382E5041DF0A4C900C35A43 /* Products */,
			);
			sourceTree = "<group>";
		};
		E382E5041DF0A4C900C35A43 /* Products */ = {
			isa = PBXGroup;
			children = (
				E382E5031DF0A4C900C35A43 /* Contacts.app */,
			);
			name = Products;
			sourceTree = "<group>";
		};
		E382E5051DF0A4C900C35A43 /* Contacts */ = {
			isa = PBXGroup;
			children = (
				E382E5091DF0A4C900C35A43 /* AppDelegate.h */,
				E382E50A1DF0A4C900C35A43 /* AppDelegate.m */,
				E382E50C1DF0A4C900C35A43 /* ViewController.h */,
				E382E50D1DF0A4C900C35A43 /* ViewController.m */,
				E382E50F1DF0A4C900C35A43 /* Main.storyboard */,
				E382E5121DF0A4C900C35A43 /* Assets.xcassets */,
				E382E5141DF0A4C900C35A43 /* LaunchScreen.storyboard */,
				E382E5171DF0A4C900C35A43 /* Info.plist */,
				E382E5061DF0A4C900C35A43 /* Supporting Files */,
			);
			path = Contacts;
			sourceTree = "<group>";
		};
		E382E5061DF0A4C900C35A43 /* Supporting Files */ = {
			isa = PBXGroup;
			children = (
				E382E5071DF0A4C900C35A43 /* main.m */,
			);
			name = "Supporting Files";
			sourceTree = "<group>";
		};
/* End PBXGroup section */

/* Begin PBXNativeTarget section */
		E382E5021DF0A4C900C35A43 /* Contacts */ = {
			isa = PBXNativeTarget;
			buildConfigurationList = E382E51A1DF0A4C900C35A43 /* Build configuration list for PBXNativeTarget "Contacts" */;
			buildPhases = (
				E382E4FF1DF0A4C900C35A43 /* Sources */,
				E382E5001DF0A4C900C35A43 /* Frameworks */,
				E382E5011DF0A4C900C35A43 /* Resources */,
			);
			buildRules = (
			);
			dependencies = (
			);
			name = Contacts;
			productName = Contacts;
			productReference = E382E5031DF0A4C900C35A43 /* Contacts.app */;
			productType = "com.apple.product-type.application";
		};
/* End PBXNativeTarget section */

/* Begin PBXProject section */
		E382E4FB1DF0A4C900C35A43 /* Project object */ = {
			isa = PBXProject;
			attributes = {
				LastUpgradeCheck = 0810;
				ORGANIZATIONNAME = HSummy;
				TargetAttributes = {
					E382E5021DF0A4C900C35A43 = {
						CreatedOnToolsVersion = 8.1;
						ProvisioningStyle = Automatic;
					};
				};
			};
			buildConfigurationList = E382E4FE1DF0A4C900C35A43 /* Build configuration list for PBXProject "Contacts" */;
			compatibilityVersion = "Xcode 3.2";
			developmentRegion = English;
			hasScannedForEncodings = 0;
			knownRegions = (
				en,
				Base,
			);
			mainGroup = E382E4FA1DF0A4C900C35A43;
			productRefGroup = E382E5041DF0A4C900C35A43 /* Products */;
			projectDirPath = "";
			projectRoot = "";
			targets = (
				E382E5021DF0A4C900C35A43 /* Contacts */,
			);
		};
/* End PBXProject section */

/* Begin PBXResourcesBuildPhase section */
		E382E5011DF0A4C900C35A43 /* Resources */ = {
			isa = PBXResourcesBuildPhase;
			buildActionMask = 2147483647;
			files = (
				E382E5161DF0A4C900C35A43 /* LaunchScreen.storyboard in Resources */,
				E382E5131DF0A4C900C35A43 /* Assets.xcassets in Resources */,
				E382E5111DF0A4C900C35A43 /* Main.storyboard in Resources */,
			);
			runOnlyForDeploymentPostprocessing = 0;
		};
/* End PBXResourcesBuildPhase section */

/* Begin PBXSourcesBuildPhase section */
		E382E4FF1DF0A4C900C35A43 /* Sources */ = {
			isa = PBXSourcesBuildPhase;
			buildActionMask = 2147483647;
			files = (
				E382E50E1DF0A4C900C35A43 /* ViewController.m in Sources */,
				E382E50B1DF0A4C900C35A43 /* AppDelegate.m in Sources */,
				E382E5081DF0A4C900C35A43 /* main.m in Sources */,
			);
			runOnlyForDeploymentPostprocessing = 0;
		};
/* End PBXSourcesBuildPhase section */

/* Begin PBXVariantGroup section */
		E382E50F1DF0A4C900C35A43 /* Main.storyboard */ = {
			isa = PBXVariantGroup;
			children = (
				E382E5101DF0A4C900C35A43 /* Base */,
			);
			name = Main.storyboard;
			sourceTree = "<group>";
		};
		E382E5141DF0A4C900C35A43 /* LaunchScreen.storyboard */ = {
			isa = PBXVariantGroup;
			children = (
				E382E5151DF0A4C900C35A43 /* Base */,
			);
			name = LaunchScreen.storyboard;
			sourceTree = "<group>";
		};
/* End PBXVariantGroup section */

/* Begin XCBuildConfiguration section */
		E382E5181DF0A4C900C35A43 /* Debug */ = {
			isa = XCBuildConfiguration;
			buildSettings = {
				ALWAYS_SEARCH_USER_PATHS = NO;
				CLANG_ANALYZER_NONNULL = YES;
				CLANG_CXX_LANGUAGE_STANDARD = "gnu++0x";
				CLANG_CXX_LIBRARY = "libc++";
				CLANG_ENABLE_MODULES = YES;
				CLANG_ENABLE_OBJC_ARC = YES;
				CLANG_WARN_BOOL_CONVERSION = YES;
				CLANG_WARN_CONSTANT_CONVERSION = YES;
				CLANG_WARN_DIRECT_OBJC_ISA_USAGE = YES_ERROR;
				CLANG_WARN_DOCUMENTATION_COMMENTS = YES;
				CLANG_WARN_EMPTY_BODY = YES;
				CLANG_WARN_ENUM_CONVERSION = YES;
				CLANG_WARN_INFINITE_RECURSION = YES;
				CLANG_WARN_INT_CONVERSION = YES;
				CLANG_WARN_OBJC_ROOT_CLASS = YES_ERROR;
				CLANG_WARN_SUSPICIOUS_MOVES = YES;
				CLANG_WARN_UNREACHABLE_CODE = YES;
				CLANG_WARN__DUPLICATE_METHOD_MATCH = YES;
				"CODE_SIGN_IDENTITY[sdk=iphoneos*]" = "iPhone Developer";
				COPY_PHASE_STRIP = NO;
				DEBUG_INFORMATION_FORMAT = dwarf;
				ENABLE_STRICT_OBJC_MSGSEND = YES;
				ENABLE_TESTABILITY = YES;
				GCC_C_LANGUAGE_STANDARD = gnu99;
				GCC_DYNAMIC_NO_PIC = NO;
				GCC_NO_COMMON_BLOCKS = YES;
				GCC_OPTIMIZATION_LEVEL = 0;
				GCC_PREPROCESSOR_DEFINITIONS = (
					"DEBUG=1",
					"$(inherited)",
				);
				GCC_WARN_64_TO_32_BIT_CONVERSION = YES;
				GCC_WARN_ABOUT_RETURN_TYPE = YES_ERROR;
				GCC_WARN_UNDECLARED_SELECTOR = YES;
				GCC_WARN_UNINITIALIZED_AUTOS = YES_AGGRESSIVE;
				GCC_WARN_UNUSED_FUNCTION = YES;
				GCC_WARN_UNUSED_VARIABLE = YES;
				IPHONEOS_DEPLOYMENT_TARGET = 10.1;
				MTL_ENABLE_DEBUG_INFO = YES;
				ONLY_ACTIVE_ARCH = YES;
				SDKROOT = iphoneos;
			};
			name = Debug;
		};
		E382E5191DF0A4C900C35A43 /* Release */ = {
			isa = XCBuildConfiguration;
			buildSettings = {
				ALWAYS_SEARCH_USER_PATHS = NO;
				CLANG_ANALYZER_NONNULL = YES;
				CLANG_CXX_LANGUAGE_STANDARD = "gnu++0x";
				CLANG_CXX_LIBRARY = "libc++";
				CLANG_ENABLE_MODULES = YES;
				CLANG_ENABLE_OBJC_ARC = YES;
				CLANG_WARN_BOOL_CONVERSION = YES;
				CLANG_WARN_CONSTANT_CONVERSION = YES;
				CLANG_WARN_DIRECT_OBJC_ISA_USAGE = YES_ERROR;
				CLANG_WARN_DOCUMENTATION_COMMENTS = YES;
				CLANG_WARN_EMPTY_BODY = YES;
				CLANG_WARN_ENUM_CONVERSION = YES;
				CLANG_WARN_INFINITE_RECURSION = YES;
				CLANG_WARN_INT_CONVERSION = YES;
				CLANG_WARN_OBJC_ROOT_CLASS = YES_ERROR;
				CLANG_WARN_SUSPICIOUS_MOVES = YES;
				CLANG_WARN_UNREACHABLE_CODE = YES;
				CLANG_WARN__DUPLICATE_METHOD_MATCH = YES;
				"CODE_SIGN_IDENTITY[sdk=iphoneos*]" = "iPhone Developer";
				COPY_PHASE_STRIP = NO;
				DEBUG_INFORMATION_FORMAT = "dwarf-with-dsym";
				ENABLE_NS_ASSERTIONS = NO;
				ENABLE_STRICT_OBJC_MSGSEND = YES;
				GCC_C_LANGUAGE_STANDARD = gnu99;
				GCC_NO_COMMON_BLOCKS = YES;
				GCC_WARN_64_TO_32_BIT_CONVERSION = YES;
				GCC_WARN_ABOUT_RETURN_TYPE = YES_ERROR;
				GCC_WARN_UNDECLARED_SELECTOR = YES;
				GCC_WARN_UNINITIALIZED_AUTOS = YES_AGGRESSIVE;
				GCC_WARN_UNUSED_FUNCTION = YES;
				GCC_WARN_UNUSED_VARIABLE = YES;
				IPHONEOS_DEPLOYMENT_TARGET = 10.1;
				MTL_ENABLE_DEBUG_INFO = NO;
				SDKROOT = iphoneos;
				VALIDATE_PRODUCT = YES;
			};
			name = Release;
		};
		E382E51B1DF0A4C900C35A43 /* Debug */ = {
			isa = XCBuildConfiguration;
			buildSettings = {
				ASSETCATALOG_COMPILER_APPICON_NAME = AppIcon;
				INFOPLIST_FILE = Contacts/Info.plist;
				LD_RUNPATH_SEARCH_PATHS = "$(inherited) @executable_path/Frameworks";
				PRODUCT_BUNDLE_IDENTIFIER = com.tiy.Contacts;
				PRODUCT_NAME = "$(TARGET_NAME)";
			};
			name = Debug;
		};
		E382E51C1DF0A4C900C35A43 /* Release */ = {
			isa = XCBuildConfiguration;
			buildSettings = {
				ASSETCATALOG_COMPILER_APPICON_NAME = AppIcon;
				INFOPLIST_FILE = Contacts/Info.plist;
				LD_RUNPATH_SEARCH_PATHS = "$(inherited) @executable_path/Frameworks";
				PRODUCT_BUNDLE_IDENTIFIER = com.tiy.Contacts;
				PRODUCT_NAME = "$(TARGET_NAME)";
			};
			name = Release;
		};
/* End XCBuildConfiguration section */

/* Begin XCConfigurationList section */
		E382E4FE1DF0A4C900C35A43 /* Build configuration list for PBXProject "Contacts" */ = {
			isa = XCConfigurationList;
			buildConfigurations = (
				E382E5181DF0A4C900C35A43 /* Debug */,
				E382E5191DF0A4C900C35A43 /* Release */,
			);
			defaultConfigurationIsVisible = 0;
			defaultConfigurationName = Release;
		};
		E382E51A1DF0A4C900C35A43 /* Build configuration list for PBXNativeTarget "Contacts" */ = {
			isa = XCConfigurationList;
			buildConfigurations = (
				E382E51B1DF0A4C900C35A43 /* Debug */,
				E382E51C1DF0A4C900C35A43 /* Release */,
			);
			defaultConfigurationIsVisible = 0;
		};
/* End XCConfigurationList section */
	};
	rootObject = E382E4FB1DF0A4C900C35A43 /* Project object */;
}
